
Microsoft Visual Studio Solution File, Format Version 12.00
# Visual Studio 15
VisualStudioVersion = 15.0.28307.271
MinimumVisualStudioVersion = 10.0.40219.1
Project("{FAE04EC0-301F-11D3-BF4B-00C04F79EFBC}") = "ReceitasWebApi", "ReceitasWebApi\ReceitasWebApi.csproj", "{F63FEBC1-5DC8-4C1A-8EFF-D72A3E77689F}"
EndProject
Project("{FAE04EC0-301F-11D3-BF4B-00C04F79EFBC}") = "ReceitasWebApi.Tests", "ReceitasWebApi.Tests\ReceitasWebApi.Tests.csproj", "{6A45245A-29A0-46E7-B3A3-5075DA6D79CC}"
EndProject
Global
	GlobalSection(SolutionConfigurationPlatforms) = preSolution
		Debug|Any CPU = Debug|Any CPU
		Release|Any CPU = Release|Any CPU
	EndGlobalSection
	GlobalSection(ProjectConfigurationPlatforms) = postSolution
		{F63FEBC1-5DC8-4C1A-8EFF-D72A3E77689F}.Debug|Any CPU.ActiveCfg = Debug|Any CPU
		{F63FEBC1-5DC8-4C1A-8EFF-D72A3E77689F}.Debug|Any CPU.Build.0 = Debug|Any CPU
		{F63FEBC1-5DC8-4C1A-8EFF-D72A3E77689F}.Release|Any CPU.ActiveCfg = Release|Any CPU
		{F63FEBC1-5DC8-4C1A-8EFF-D72A3E77689F}.Release|Any CPU.Build.0 = Release|Any CPU
		{6A45245A-29A0-46E7-B3A3-5075DA6D79CC}.Debug|Any CPU.ActiveCfg = Debug|Any CPU
		{6A45245A-29A0-46E7-B3A3-5075DA6D79CC}.Debug|Any CPU.Build.0 = Debug|Any CPU
		{6A45245A-29A0-46E7-B3A3-5075DA6D79CC}.Release|Any CPU.ActiveCfg = Release|Any CPU
		{6A45245A-29A0-46E7-B3A3-5075DA6D79CC}.Release|Any CPU.Build.0 = Release|Any CPU
	EndGlobalSection
	GlobalSection(SolutionProperties) = preSolution
		HideSolutionNode = FALSE
	EndGlobalSection
	GlobalSection(ExtensibilityGlobals) = postSolution
		SolutionGuid = {8D8C49FB-C8AA-492B-AEB0-985EB11E8CB5}
	EndGlobalSection
EndGlobal
